
Microsoft Visual Studio Solution File, Format Version 12.00
# Visual Studio Version 16
VisualStudioVersion = 16.0.32901.82
MinimumVisualStudioVersion = 10.0.40219.1
Project("{FAE04EC0-301F-11D3-BF4B-00C04F79EFBC}") = "GreaterArgument", "GreaterArgument\GreaterArgument.csproj", "{FA73EDCB-1B65-4CCF-A2D8-B2AFF4DE0F7B}"
EndProject
Project("{FAE04EC0-301F-11D3-BF4B-00C04F79EFBC}") = "GreaterArgument.UnitTests", "GreaterArgument.UnitTests\GreaterArgument.UnitTests.csproj", "{524E25D5-29A2-4D4E-962A-A6E1058FAEB2}"
EndProject
Global
	GlobalSection(SolutionConfigurationPlatforms) = preSolution
		Debug|Any CPU = Debug|Any CPU
		Release|Any CPU = Release|Any CPU
	EndGlobalSection
	GlobalSection(ProjectConfigurationPlatforms) = postSolution
		{FA73EDCB-1B65-4CCF-A2D8-B2AFF4DE0F7B}.Debug|Any CPU.ActiveCfg = Debug|Any CPU
		{FA73EDCB-1B65-4CCF-A2D8-B2AFF4DE0F7B}.Debug|Any CPU.Build.0 = Debug|Any CPU
		{FA73EDCB-1B65-4CCF-A2D8-B2AFF4DE0F7B}.Release|Any CPU.ActiveCfg = Release|Any CPU
		{FA73EDCB-1B65-4CCF-A2D8-B2AFF4DE0F7B}.Release|Any CPU.Build.0 = Release|Any CPU
		{524E25D5-29A2-4D4E-962A-A6E1058FAEB2}.Debug|Any CPU.ActiveCfg = Debug|Any CPU
		{524E25D5-29A2-4D4E-962A-A6E1058FAEB2}.Debug|Any CPU.Build.0 = Debug|Any CPU
		{524E25D5-29A2-4D4E-962A-A6E1058FAEB2}.Release|Any CPU.ActiveCfg = Release|Any CPU
		{524E25D5-29A2-4D4E-962A-A6E1058FAEB2}.Release|Any CPU.Build.0 = Release|Any CPU
	EndGlobalSection
	GlobalSection(SolutionProperties) = preSolution
		HideSolutionNode = FALSE
	EndGlobalSection
	GlobalSection(ExtensibilityGlobals) = postSolution
		SolutionGuid = {0046677F-A4A8-4053-B9C2-923868917795}
	EndGlobalSection
EndGlobal
